// !$*UTF8*$!
{
	archiveVersion = 1;
	classes = {
	};
	objectVersion = 56;
	objects = {

/* Begin PBXBuildFile section */
		F0CB842E2ADEB7B20078AEBA /* AppDelegate.swift in Sources */ = {isa = PBXBuildFile; fileRef = F0CB842D2ADEB7B20078AEBA /* AppDelegate.swift */; };
		F0CB84302ADEB7B20078AEBA /* SceneDelegate.swift in Sources */ = {isa = PBXBuildFile; fileRef = F0CB842F2ADEB7B20078AEBA /* SceneDelegate.swift */; };
		F0CB84322ADEB7B20078AEBA /* ViewController.swift in Sources */ = {isa = PBXBuildFile; fileRef = F0CB84312ADEB7B20078AEBA /* ViewController.swift */; };
		F0CB84352ADEB7B20078AEBA /* Main.storyboard in Resources */ = {isa = PBXBuildFile; fileRef = F0CB84332ADEB7B20078AEBA /* Main.storyboard */; };
		F0CB84372ADEB7B50078AEBA /* Assets.xcassets in Resources */ = {isa = PBXBuildFile; fileRef = F0CB84362ADEB7B50078AEBA /* Assets.xcassets */; };
		F0CB843A2ADEB7B50078AEBA /* LaunchScreen.storyboard in Resources */ = {isa = PBXBuildFile; fileRef = F0CB84382ADEB7B50078AEBA /* LaunchScreen.storyboard */; };
		F0CB84452ADEB7B60078AEBA /* Homework6Tests.swift in Sources */ = {isa = PBXBuildFile; fileRef = F0CB84442ADEB7B60078AEBA /* Homework6Tests.swift */; };
		F0CB844F2ADEB7B60078AEBA /* Homework6UITests.swift in Sources */ = {isa = PBXBuildFile; fileRef = F0CB844E2ADEB7B60078AEBA /* Homework6UITests.swift */; };
		F0CB84512ADEB7B60078AEBA /* Homework6UITestsLaunchTests.swift in Sources */ = {isa = PBXBuildFile; fileRef = F0CB84502ADEB7B60078AEBA /* Homework6UITestsLaunchTests.swift */; };
/* End PBXBuildFile section */

/* Begin PBXContainerItemProxy section */
		F0CB84412ADEB7B60078AEBA /* PBXContainerItemProxy */ = {
			isa = PBXContainerItemProxy;
			containerPortal = F0CB84222ADEB7B20078AEBA /* Project object */;
			proxyType = 1;
			remoteGlobalIDString = F0CB84292ADEB7B20078AEBA;
			remoteInfo = Homework6;
		};
		F0CB844B2ADEB7B60078AEBA /* PBXContainerItemProxy */ = {
			isa = PBXContainerItemProxy;
			containerPortal = F0CB84222ADEB7B20078AEBA /* Project object */;
			proxyType = 1;
			remoteGlobalIDString = F0CB84292ADEB7B20078AEBA;
			remoteInfo = Homework6;
		};
/* End PBXContainerItemProxy section */

/* Begin PBXFileReference section */
		F0CB842A2ADEB7B20078AEBA /* Homework6.app */ = {isa = PBXFileReference; explicitFileType = wrapper.application; includeInIndex = 0; path = Homework6.app; sourceTree = BUILT_PRODUCTS_DIR; };
		F0CB842D2ADEB7B20078AEBA /* AppDelegate.swift */ = {isa = PBXFileReference; lastKnownFileType = sourcecode.swift; path = AppDelegate.swift; sourceTree = "<group>"; };
		F0CB842F2ADEB7B20078AEBA /* SceneDelegate.swift */ = {isa = PBXFileReference; lastKnownFileType = sourcecode.swift; path = SceneDelegate.swift; sourceTree = "<group>"; };
		F0CB84312ADEB7B20078AEBA /* ViewController.swift */ = {isa = PBXFileReference; lastKnownFileType = sourcecode.swift; path = ViewController.swift; sourceTree = "<group>"; };
		F0CB84342ADEB7B20078AEBA /* Base */ = {isa = PBXFileReference; lastKnownFileType = file.storyboard; name = Base; path = Base.lproj/Main.storyboard; sourceTree = "<group>"; };
		F0CB84362ADEB7B50078AEBA /* Assets.xcassets */ = {isa = PBXFileReference; lastKnownFileType = folder.assetcatalog; path = Assets.xcassets; sourceTree = "<group>"; };
		F0CB84392ADEB7B50078AEBA /* Base */ = {isa = PBXFileReference; lastKnownFileType = file.storyboard; name = Base; path = Base.lproj/LaunchScreen.storyboard; sourceTree = "<group>"; };
		F0CB843B2ADEB7B50078AEBA /* Info.plist */ = {isa = PBXFileReference; lastKnownFileType = text.plist.xml; path = Info.plist; sourceTree = "<group>"; };
		F0CB84402ADEB7B60078AEBA /* Homework6Tests.xctest */ = {isa = PBXFileReference; explicitFileType = wrapper.cfbundle; includeInIndex = 0; path = Homework6Tests.xctest; sourceTree = BUILT_PRODUCTS_DIR; };
		F0CB84442ADEB7B60078AEBA /* Homework6Tests.swift */ = {isa = PBXFileReference; lastKnownFileType = sourcecode.swift; path = Homework6Tests.swift; sourceTree = "<group>"; };
		F0CB844A2ADEB7B60078AEBA /* Homework6UITests.xctest */ = {isa = PBXFileReference; explicitFileType = wrapper.cfbundle; includeInIndex = 0; path = Homework6UITests.xctest; sourceTree = BUILT_PRODUCTS_DIR; };
		F0CB844E2ADEB7B60078AEBA /* Homework6UITests.swift */ = {isa = PBXFileReference; lastKnownFileType = sourcecode.swift; path = Homework6UITests.swift; sourceTree = "<group>"; };
		F0CB84502ADEB7B60078AEBA /* Homework6UITestsLaunchTests.swift */ = {isa = PBXFileReference; lastKnownFileType = sourcecode.swift; path = Homework6UITestsLaunchTests.swift; sourceTree = "<group>"; };
/* End PBXFileReference section */

/* Begin PBXFrameworksBuildPhase section */
		F0CB84272ADEB7B20078AEBA /* Frameworks */ = {
			isa = PBXFrameworksBuildPhase;
			buildActionMask = 2147483647;
			files = (
			);
			runOnlyForDeploymentPostprocessing = 0;
		};
		F0CB843D2ADEB7B60078AEBA /* Frameworks */ = {
			isa = PBXFrameworksBuildPhase;
			buildActionMask = 2147483647;
			files = (
			);
			runOnlyForDeploymentPostprocessing = 0;
		};
		F0CB84472ADEB7B60078AEBA /* Frameworks */ = {
			isa = PBXFrameworksBuildPhase;
			buildActionMask = 2147483647;
			files = (
			);
			runOnlyForDeploymentPostprocessing = 0;
		};
/* End PBXFrameworksBuildPhase section */

/* Begin PBXGroup section */
		F0CB84212ADEB7B20078AEBA = {
			isa = PBXGroup;
			children = (
				F0CB842C2ADEB7B20078AEBA /* Homework6 */,
				F0CB84432ADEB7B60078AEBA /* Homework6Tests */,
				F0CB844D2ADEB7B60078AEBA /* Homework6UITests */,
				F0CB842B2ADEB7B20078AEBA /* Products */,
			);
			sourceTree = "<group>";
		};
		F0CB842B2ADEB7B20078AEBA /* Products */ = {
			isa = PBXGroup;
			children = (
				F0CB842A2ADEB7B20078AEBA /* Homework6.app */,
				F0CB84402ADEB7B60078AEBA /* Homework6Tests.xctest */,
				F0CB844A2ADEB7B60078AEBA /* Homework6UITests.xctest */,
			);
			name = Products;
			sourceTree = "<group>";
		};
		F0CB842C2ADEB7B20078AEBA /* Homework6 */ = {
			isa = PBXGroup;
			children = (
				F0CB842D2ADEB7B20078AEBA /* AppDelegate.swift */,
				F0CB842F2ADEB7B20078AEBA /* SceneDelegate.swift */,
				F0CB84312ADEB7B20078AEBA /* ViewController.swift */,
				F0CB84332ADEB7B20078AEBA /* Main.storyboard */,
				F0CB84362ADEB7B50078AEBA /* Assets.xcassets */,
				F0CB84382ADEB7B50078AEBA /* LaunchScreen.storyboard */,
				F0CB843B2ADEB7B50078AEBA /* Info.plist */,
			);
			path = Homework6;
			sourceTree = "<group>";
		};
		F0CB84432ADEB7B60078AEBA /* Homework6Tests */ = {
			isa = PBXGroup;
			children = (
				F0CB84442ADEB7B60078AEBA /* Homework6Tests.swift */,
			);
			path = Homework6Tests;
			sourceTree = "<group>";
		};
		F0CB844D2ADEB7B60078AEBA /* Homework6UITests */ = {
			isa = PBXGroup;
			children = (
				F0CB844E2ADEB7B60078AEBA /* Homework6UITests.swift */,
				F0CB84502ADEB7B60078AEBA /* Homework6UITestsLaunchTests.swift */,
			);
			path = Homework6UITests;
			sourceTree = "<group>";
		};
/* End PBXGroup section */

/* Begin PBXNativeTarget section */
		F0CB84292ADEB7B20078AEBA /* Homework6 */ = {
			isa = PBXNativeTarget;
			buildConfigurationList = F0CB84542ADEB7B60078AEBA /* Build configuration list for PBXNativeTarget "Homework6" */;
			buildPhases = (
				F0CB84262ADEB7B20078AEBA /* Sources */,
				F0CB84272ADEB7B20078AEBA /* Frameworks */,
				F0CB84282ADEB7B20078AEBA /* Resources */,
			);
			buildRules = (
			);
			dependencies = (
			);
			name = Homework6;
			productName = Homework6;
			productReference = F0CB842A2ADEB7B20078AEBA /* Homework6.app */;
			productType = "com.apple.product-type.application";
		};
		F0CB843F2ADEB7B60078AEBA /* Homework6Tests */ = {
			isa = PBXNativeTarget;
			buildConfigurationList = F0CB84572ADEB7B60078AEBA /* Build configuration list for PBXNativeTarget "Homework6Tests" */;
			buildPhases = (
				F0CB843C2ADEB7B60078AEBA /* Sources */,
				F0CB843D2ADEB7B60078AEBA /* Frameworks */,
				F0CB843E2ADEB7B60078AEBA /* Resources */,
			);
			buildRules = (
			);
			dependencies = (
				F0CB84422ADEB7B60078AEBA /* PBXTargetDependency */,
			);
			name = Homework6Tests;
			productName = Homework6Tests;
			productReference = F0CB84402ADEB7B60078AEBA /* Homework6Tests.xctest */;
			productType = "com.apple.product-type.bundle.unit-test";
		};
		F0CB84492ADEB7B60078AEBA /* Homework6UITests */ = {
			isa = PBXNativeTarget;
			buildConfigurationList = F0CB845A2ADEB7B60078AEBA /* Build configuration list for PBXNativeTarget "Homework6UITests" */;
			buildPhases = (
				F0CB84462ADEB7B60078AEBA /* Sources */,
				F0CB84472ADEB7B60078AEBA /* Frameworks */,
				F0CB84482ADEB7B60078AEBA /* Resources */,
			);
			buildRules = (
			);
			dependencies = (
				F0CB844C2ADEB7B60078AEBA /* PBXTargetDependency */,
			);
			name = Homework6UITests;
			productName = Homework6UITests;
			productReference = F0CB844A2ADEB7B60078AEBA /* Homework6UITests.xctest */;
			productType = "com.apple.product-type.bundle.ui-testing";
		};
/* End PBXNativeTarget section */

/* Begin PBXProject section */
		F0CB84222ADEB7B20078AEBA /* Project object */ = {
			isa = PBXProject;
			attributes = {
				BuildIndependentTargetsInParallel = 1;
				LastSwiftUpdateCheck = 1500;
				LastUpgradeCheck = 1500;
				TargetAttributes = {
					F0CB84292ADEB7B20078AEBA = {
						CreatedOnToolsVersion = 15.0;
					};
					F0CB843F2ADEB7B60078AEBA = {
						CreatedOnToolsVersion = 15.0;
						TestTargetID = F0CB84292ADEB7B20078AEBA;
					};
					F0CB84492ADEB7B60078AEBA = {
						CreatedOnToolsVersion = 15.0;
						TestTargetID = F0CB84292ADEB7B20078AEBA;
					};
				};
			};
			buildConfigurationList = F0CB84252ADEB7B20078AEBA /* Build configuration list for PBXProject "Homework6" */;
			compatibilityVersion = "Xcode 14.0";
			developmentRegion = en;
			hasScannedForEncodings = 0;
			knownRegions = (
				en,
				Base,
			);
			mainGroup = F0CB84212ADEB7B20078AEBA;
			productRefGroup = F0CB842B2ADEB7B20078AEBA /* Products */;
			projectDirPath = "";
			projectRoot = "";
			targets = (
				F0CB84292ADEB7B20078AEBA /* Homework6 */,
				F0CB843F2ADEB7B60078AEBA /* Homework6Tests */,
				F0CB84492ADEB7B60078AEBA /* Homework6UITests */,
			);
		};
/* End PBXProject section */

/* Begin PBXResourcesBuildPhase section */
		F0CB84282ADEB7B20078AEBA /* Resources */ = {
			isa = PBXResourcesBuildPhase;
			buildActionMask = 2147483647;
			files = (
				F0CB843A2ADEB7B50078AEBA /* LaunchScreen.storyboard in Resources */,
				F0CB84372ADEB7B50078AEBA /* Assets.xcassets in Resources */,
				F0CB84352ADEB7B20078AEBA /* Main.storyboard in Resources */,
			);
			runOnlyForDeploymentPostprocessing = 0;
		};
		F0CB843E2ADEB7B60078AEBA /* Resources */ = {
			isa = PBXResourcesBuildPhase;
			buildActionMask = 2147483647;
			files = (
			);
			runOnlyForDeploymentPostprocessing = 0;
		};
		F0CB84482ADEB7B60078AEBA /* Resources */ = {
			isa = PBXResourcesBuildPhase;
			buildActionMask = 2147483647;
			files = (
			);
			runOnlyForDeploymentPostprocessing = 0;
		};
/* End PBXResourcesBuildPhase section */

/* Begin PBXSourcesBuildPhase section */
		F0CB84262ADEB7B20078AEBA /* Sources */ = {
			isa = PBXSourcesBuildPhase;
			buildActionMask = 2147483647;
			files = (
				F0CB84322ADEB7B20078AEBA /* ViewController.swift in Sources */,
				F0CB842E2ADEB7B20078AEBA /* AppDelegate.swift in Sources */,
				F0CB84302ADEB7B20078AEBA /* SceneDelegate.swift in Sources */,
			);
			runOnlyForDeploymentPostprocessing = 0;
		};
		F0CB843C2ADEB7B60078AEBA /* Sources */ = {
			isa = PBXSourcesBuildPhase;
			buildActionMask = 2147483647;
			files = (
				F0CB84452ADEB7B60078AEBA /* Homework6Tests.swift in Sources */,
			);
			runOnlyForDeploymentPostprocessing = 0;
		};
		F0CB84462ADEB7B60078AEBA /* Sources */ = {
			isa = PBXSourcesBuildPhase;
			buildActionMask = 2147483647;
			files = (
				F0CB844F2ADEB7B60078AEBA /* Homework6UITests.swift in Sources */,
				F0CB84512ADEB7B60078AEBA /* Homework6UITestsLaunchTests.swift in Sources */,
			);
			runOnlyForDeploymentPostprocessing = 0;
		};
/* End PBXSourcesBuildPhase section */

/* Begin PBXTargetDependency section */
		F0CB84422ADEB7B60078AEBA /* PBXTargetDependency */ = {
			isa = PBXTargetDependency;
			target = F0CB84292ADEB7B20078AEBA /* Homework6 */;
			targetProxy = F0CB84412ADEB7B60078AEBA /* PBXContainerItemProxy */;
		};
		F0CB844C2ADEB7B60078AEBA /* PBXTargetDependency */ = {
			isa = PBXTargetDependency;
			target = F0CB84292ADEB7B20078AEBA /* Homework6 */;
			targetProxy = F0CB844B2ADEB7B60078AEBA /* PBXContainerItemProxy */;
		};
/* End PBXTargetDependency section */

/* Begin PBXVariantGroup section */
		F0CB84332ADEB7B20078AEBA /* Main.storyboard */ = {
			isa = PBXVariantGroup;
			children = (
				F0CB84342ADEB7B20078AEBA /* Base */,
			);
			name = Main.storyboard;
			sourceTree = "<group>";
		};
		F0CB84382ADEB7B50078AEBA /* LaunchScreen.storyboard */ = {
			isa = PBXVariantGroup;
			children = (
				F0CB84392ADEB7B50078AEBA /* Base */,
			);
			name = LaunchScreen.storyboard;
			sourceTree = "<group>";
		};
/* End PBXVariantGroup section */

/* Begin XCBuildConfiguration section */
		F0CB84522ADEB7B60078AEBA /* Debug */ = {
			isa = XCBuildConfiguration;
			buildSettings = {
				ALWAYS_SEARCH_USER_PATHS = NO;
				ASSETCATALOG_COMPILER_GENERATE_SWIFT_ASSET_SYMBOL_EXTENSIONS = YES;
				CLANG_ANALYZER_NONNULL = YES;
				CLANG_ANALYZER_NUMBER_OBJECT_CONVERSION = YES_AGGRESSIVE;
				CLANG_CXX_LANGUAGE_STANDARD = "gnu++20";
				CLANG_ENABLE_MODULES = YES;
				CLANG_ENABLE_OBJC_ARC = YES;
				CLANG_ENABLE_OBJC_WEAK = YES;
				CLANG_WARN_BLOCK_CAPTURE_AUTORELEASING = YES;
				CLANG_WARN_BOOL_CONVERSION = YES;
				CLANG_WARN_COMMA = YES;
				CLANG_WARN_CONSTANT_CONVERSION = YES;
				CLANG_WARN_DEPRECATED_OBJC_IMPLEMENTATIONS = YES;
				CLANG_WARN_DIRECT_OBJC_ISA_USAGE = YES_ERROR;
				CLANG_WARN_DOCUMENTATION_COMMENTS = YES;
				CLANG_WARN_EMPTY_BODY = YES;
				CLANG_WARN_ENUM_CONVERSION = YES;
				CLANG_WARN_INFINITE_RECURSION = YES;
				CLANG_WARN_INT_CONVERSION = YES;
				CLANG_WARN_NON_LITERAL_NULL_CONVERSION = YES;
				CLANG_WARN_OBJC_IMPLICIT_RETAIN_SELF = YES;
				CLANG_WARN_OBJC_LITERAL_CONVERSION = YES;
				CLANG_WARN_OBJC_ROOT_CLASS = YES_ERROR;
				CLANG_WARN_QUOTED_INCLUDE_IN_FRAMEWORK_HEADER = YES;
				CLANG_WARN_RANGE_LOOP_ANALYSIS = YES;
				CLANG_WARN_STRICT_PROTOTYPES = YES;
				CLANG_WARN_SUSPICIOUS_MOVE = YES;
				CLANG_WARN_UNGUARDED_AVAILABILITY = YES_AGGRESSIVE;
				CLANG_WARN_UNREACHABLE_CODE = YES;
				CLANG_WARN__DUPLICATE_METHOD_MATCH = YES;
				COPY_PHASE_STRIP = NO;
				DEBUG_INFORMATION_FORMAT = dwarf;
				ENABLE_STRICT_OBJC_MSGSEND = YES;
				ENABLE_TESTABILITY = YES;
				ENABLE_USER_SCRIPT_SANDBOXING = YES;
				GCC_C_LANGUAGE_STANDARD = gnu17;
				GCC_DYNAMIC_NO_PIC = NO;
				GCC_NO_COMMON_BLOCKS = YES;
				GCC_OPTIMIZATION_LEVEL = 0;
				GCC_PREPROCESSOR_DEFINITIONS = (
					"DEBUG=1",
					"$(inherited)",
				);
				GCC_WARN_64_TO_32_BIT_CONVERSION = YES;
				GCC_WARN_ABOUT_RETURN_TYPE = YES_ERROR;
				GCC_WARN_UNDECLARED_SELECTOR = YES;
				GCC_WARN_UNINITIALIZED_AUTOS = YES_AGGRESSIVE;
				GCC_WARN_UNUSED_FUNCTION = YES;
				GCC_WARN_UNUSED_VARIABLE = YES;
				IPHONEOS_DEPLOYMENT_TARGET = 17.0;
				LOCALIZATION_PREFERS_STRING_CATALOGS = YES;
				MTL_ENABLE_DEBUG_INFO = INCLUDE_SOURCE;
				MTL_FAST_MATH = YES;
				ONLY_ACTIVE_ARCH = YES;
				SDKROOT = iphoneos;
				SWIFT_ACTIVE_COMPILATION_CONDITIONS = "DEBUG $(inherited)";
				SWIFT_OPTIMIZATION_LEVEL = "-Onone";
			};
			name = Debug;
		};
		F0CB84532ADEB7B60078AEBA /* Release */ = {
			isa = XCBuildConfiguration;
			buildSettings = {
				ALWAYS_SEARCH_USER_PATHS = NO;
				ASSETCATALOG_COMPILER_GENERATE_SWIFT_ASSET_SYMBOL_EXTENSIONS = YES;
				CLANG_ANALYZER_NONNULL = YES;
				CLANG_ANALYZER_NUMBER_OBJECT_CONVERSION = YES_AGGRESSIVE;
				CLANG_CXX_LANGUAGE_STANDARD = "gnu++20";
				CLANG_ENABLE_MODULES = YES;
				CLANG_ENABLE_OBJC_ARC = YES;
				CLANG_ENABLE_OBJC_WEAK = YES;
				CLANG_WARN_BLOCK_CAPTURE_AUTORELEASING = YES;
				CLANG_WARN_BOOL_CONVERSION = YES;
				CLANG_WARN_COMMA = YES;
				CLANG_WARN_CONSTANT_CONVERSION = YES;
				CLANG_WARN_DEPRECATED_OBJC_IMPLEMENTATIONS = YES;
				CLANG_WARN_DIRECT_OBJC_ISA_USAGE = YES_ERROR;
				CLANG_WARN_DOCUMENTATION_COMMENTS = YES;
				CLANG_WARN_EMPTY_BODY = YES;
				CLANG_WARN_ENUM_CONVERSION = YES;
				CLANG_WARN_INFINITE_RECURSION = YES;
				CLANG_WARN_INT_CONVERSION = YES;
				CLANG_WARN_NON_LITERAL_NULL_CONVERSION = YES;
				CLANG_WARN_OBJC_IMPLICIT_RETAIN_SELF = YES;
				CLANG_WARN_OBJC_LITERAL_CONVERSION = YES;
				CLANG_WARN_OBJC_ROOT_CLASS = YES_ERROR;
				CLANG_WARN_QUOTED_INCLUDE_IN_FRAMEWORK_HEADER = YES;
				CLANG_WARN_RANGE_LOOP_ANALYSIS = YES;
				CLANG_WARN_STRICT_PROTOTYPES = YES;
				CLANG_WARN_SUSPICIOUS_MOVE = YES;
				CLANG_WARN_UNGUARDED_AVAILABILITY = YES_AGGRESSIVE;
				CLANG_WARN_UNREACHABLE_CODE = YES;
				CLANG_WARN__DUPLICATE_METHOD_MATCH = YES;
				COPY_PHASE_STRIP = NO;
				DEBUG_INFORMATION_FORMAT = "dwarf-with-dsym";
				ENABLE_NS_ASSERTIONS = NO;
				ENABLE_STRICT_OBJC_MSGSEND = YES;
				ENABLE_USER_SCRIPT_SANDBOXING = YES;
				GCC_C_LANGUAGE_STANDARD = gnu17;
				GCC_NO_COMMON_BLOCKS = YES;
				GCC_WARN_64_TO_32_BIT_CONVERSION = YES;
				GCC_WARN_ABOUT_RETURN_TYPE = YES_ERROR;
				GCC_WARN_UNDECLARED_SELECTOR = YES;
				GCC_WARN_UNINITIALIZED_AUTOS = YES_AGGRESSIVE;
				GCC_WARN_UNUSED_FUNCTION = YES;
				GCC_WARN_UNUSED_VARIABLE = YES;
				IPHONEOS_DEPLOYMENT_TARGET = 17.0;
				LOCALIZATION_PREFERS_STRING_CATALOGS = YES;
				MTL_ENABLE_DEBUG_INFO = NO;
				MTL_FAST_MATH = YES;
				SDKROOT = iphoneos;
				SWIFT_COMPILATION_MODE = wholemodule;
				VALIDATE_PRODUCT = YES;
			};
			name = Release;
		};
		F0CB84552ADEB7B60078AEBA /* Debug */ = {
			isa = XCBuildConfiguration;
			buildSettings = {
				ASSETCATALOG_COMPILER_APPICON_NAME = AppIcon;
				ASSETCATALOG_COMPILER_GLOBAL_ACCENT_COLOR_NAME = AccentColor;
				CODE_SIGN_STYLE = Automatic;
				CURRENT_PROJECT_VERSION = 1;
				GENERATE_INFOPLIST_FILE = YES;
				INFOPLIST_FILE = Homework6/Info.plist;
				INFOPLIST_KEY_UIApplicationSupportsIndirectInputEvents = YES;
				INFOPLIST_KEY_UILaunchStoryboardName = LaunchScreen;
				INFOPLIST_KEY_UIMainStoryboardFile = Main;
				INFOPLIST_KEY_UISupportedInterfaceOrientations_iPad = "UIInterfaceOrientationPortrait UIInterfaceOrientationPortraitUpsideDown UIInterfaceOrientationLandscapeLeft UIInterfaceOrientationLandscapeRight";
				INFOPLIST_KEY_UISupportedInterfaceOrientations_iPhone = "UIInterfaceOrientationPortrait UIInterfaceOrientationLandscapeLeft UIInterfaceOrientationLandscapeRight";
				LD_RUNPATH_SEARCH_PATHS = (
					"$(inherited)",
					"@executable_path/Frameworks",
				);
				MARKETING_VERSION = 1.0;
				PRODUCT_BUNDLE_IDENTIFIER = new.Homework6;
				PRODUCT_NAME = "$(TARGET_NAME)";
				SWIFT_EMIT_LOC_STRINGS = YES;
				SWIFT_VERSION = 5.0;
				TARGETED_DEVICE_FAMILY = "1,2";
			};
			name = Debug;
		};
		F0CB84562ADEB7B60078AEBA /* Release */ = {
			isa = XCBuildConfiguration;
			buildSettings = {
				ASSETCATALOG_COMPILER_APPICON_NAME = AppIcon;
				ASSETCATALOG_COMPILER_GLOBAL_ACCENT_COLOR_NAME = AccentColor;
				CODE_SIGN_STYLE = Automatic;
				CURRENT_PROJECT_VERSION = 1;
				GENERATE_INFOPLIST_FILE = YES;
				INFOPLIST_FILE = Homework6/Info.plist;
				INFOPLIST_KEY_UIApplicationSupportsIndirectInputEvents = YES;
				INFOPLIST_KEY_UILaunchStoryboardName = LaunchScreen;
				INFOPLIST_KEY_UIMainStoryboardFile = Main;
				INFOPLIST_KEY_UISupportedInterfaceOrientations_iPad = "UIInterfaceOrientationPortrait UIInterfaceOrientationPortraitUpsideDown UIInterfaceOrientationLandscapeLeft UIInterfaceOrientationLandscapeRight";
				INFOPLIST_KEY_UISupportedInterfaceOrientations_iPhone = "UIInterfaceOrientationPortrait UIInterfaceOrientationLandscapeLeft UIInterfaceOrientationLandscapeRight";
				LD_RUNPATH_SEARCH_PATHS = (
					"$(inherited)",
					"@executable_path/Frameworks",
				);
				MARKETING_VERSION = 1.0;
				PRODUCT_BUNDLE_IDENTIFIER = new.Homework6;
				PRODUCT_NAME = "$(TARGET_NAME)";
				SWIFT_EMIT_LOC_STRINGS = YES;
				SWIFT_VERSION = 5.0;
				TARGETED_DEVICE_FAMILY = "1,2";
			};
			name = Release;
		};
		F0CB84582ADEB7B60078AEBA /* Debug */ = {
			isa = XCBuildConfiguration;
			buildSettings = {
				ALWAYS_EMBED_SWIFT_STANDARD_LIBRARIES = YES;
				BUNDLE_LOADER = "$(TEST_HOST)";
				CODE_SIGN_STYLE = Automatic;
				CURRENT_PROJECT_VERSION = 1;
				GENERATE_INFOPLIST_FILE = YES;
				IPHONEOS_DEPLOYMENT_TARGET = 17.0;
				MARKETING_VERSION = 1.0;
				PRODUCT_BUNDLE_IDENTIFIER = new.Homework6Tests;
				PRODUCT_NAME = "$(TARGET_NAME)";
				SWIFT_EMIT_LOC_STRINGS = NO;
				SWIFT_VERSION = 5.0;
				TARGETED_DEVICE_FAMILY = "1,2";
				TEST_HOST = "$(BUILT_PRODUCTS_DIR)/Homework6.app/$(BUNDLE_EXECUTABLE_FOLDER_PATH)/Homework6";
			};
			name = Debug;
		};
		F0CB84592ADEB7B60078AEBA /* Release */ = {
			isa = XCBuildConfiguration;
			buildSettings = {
				ALWAYS_EMBED_SWIFT_STANDARD_LIBRARIES = YES;
				BUNDLE_LOADER = "$(TEST_HOST)";
				CODE_SIGN_STYLE = Automatic;
				CURRENT_PROJECT_VERSION = 1;
				GENERATE_INFOPLIST_FILE = YES;
				IPHONEOS_DEPLOYMENT_TARGET = 17.0;
				MARKETING_VERSION = 1.0;
				PRODUCT_BUNDLE_IDENTIFIER = new.Homework6Tests;
				PRODUCT_NAME = "$(TARGET_NAME)";
				SWIFT_EMIT_LOC_STRINGS = NO;
				SWIFT_VERSION = 5.0;
				TARGETED_DEVICE_FAMILY = "1,2";
				TEST_HOST = "$(BUILT_PRODUCTS_DIR)/Homework6.app/$(BUNDLE_EXECUTABLE_FOLDER_PATH)/Homework6";
			};
			name = Release;
		};
		F0CB845B2ADEB7B60078AEBA /* Debug */ = {
			isa = XCBuildConfiguration;
			buildSettings = {
				ALWAYS_EMBED_SWIFT_STANDARD_LIBRARIES = YES;
				CODE_SIGN_STYLE = Automatic;
				CURRENT_PROJECT_VERSION = 1;
				GENERATE_INFOPLIST_FILE = YES;
				MARKETING_VERSION = 1.0;
				PRODUCT_BUNDLE_IDENTIFIER = new.Homework6UITests;
				PRODUCT_NAME = "$(TARGET_NAME)";
				SWIFT_EMIT_LOC_STRINGS = NO;
				SWIFT_VERSION = 5.0;
				TARGETED_DEVICE_FAMILY = "1,2";
				TEST_TARGET_NAME = Homework6;
			};
			name = Debug;
		};
		F0CB845C2ADEB7B60078AEBA /* Release */ = {
			isa = XCBuildConfiguration;
			buildSettings = {
				ALWAYS_EMBED_SWIFT_STANDARD_LIBRARIES = YES;
				CODE_SIGN_STYLE = Automatic;
				CURRENT_PROJECT_VERSION = 1;
				GENERATE_INFOPLIST_FILE = YES;
				MARKETING_VERSION = 1.0;
				PRODUCT_BUNDLE_IDENTIFIER = new.Homework6UITests;
				PRODUCT_NAME = "$(TARGET_NAME)";
				SWIFT_EMIT_LOC_STRINGS = NO;
				SWIFT_VERSION = 5.0;
				TARGETED_DEVICE_FAMILY = "1,2";
				TEST_TARGET_NAME = Homework6;
			};
			name = Release;
		};
/* End XCBuildConfiguration section */

/* Begin XCConfigurationList section */
		F0CB84252ADEB7B20078AEBA /* Build configuration list for PBXProject "Homework6" */ = {
			isa = XCConfigurationList;
			buildConfigurations = (
				F0CB84522ADEB7B60078AEBA /* Debug */,
				F0CB84532ADEB7B60078AEBA /* Release */,
			);
			defaultConfigurationIsVisible = 0;
			defaultConfigurationName = Release;
		};
		F0CB84542ADEB7B60078AEBA /* Build configuration list for PBXNativeTarget "Homework6" */ = {
			isa = XCConfigurationList;
			buildConfigurations = (
				F0CB84552ADEB7B60078AEBA /* Debug */,
				F0CB84562ADEB7B60078AEBA /* Release */,
			);
			defaultConfigurationIsVisible = 0;
			defaultConfigurationName = Release;
		};
		F0CB84572ADEB7B60078AEBA /* Build configuration list for PBXNativeTarget "Homework6Tests" */ = {
			isa = XCConfigurationList;
			buildConfigurations = (
				F0CB84582ADEB7B60078AEBA /* Debug */,
				F0CB84592ADEB7B60078AEBA /* Release */,
			);
			defaultConfigurationIsVisible = 0;
			defaultConfigurationName = Release;
		};
		F0CB845A2ADEB7B60078AEBA /* Build configuration list for PBXNativeTarget "Homework6UITests" */ = {
			isa = XCConfigurationList;
			buildConfigurations = (
				F0CB845B2ADEB7B60078AEBA /* Debug */,
				F0CB845C2ADEB7B60078AEBA /* Release */,
			);
			defaultConfigurationIsVisible = 0;
			defaultConfigurationName = Release;
		};
/* End XCConfigurationList section */
	};
	rootObject = F0CB84222ADEB7B20078AEBA /* Project object */;
}
